{
  "name": "language-bus",
  "version": "1.0.0",
  "lockfileVersion": 1,
  "requires": true,
  "dependencies": {
    "simplebig": {
      "version": "0.0.3",
      "resolved": "https://registry.npm.taobao.org/simplebig/download/simplebig-0.0.3.tgz",
      "integrity": "sha1-F5uwaURrY1YNthfSdOuqKOFcOq4="
    }
  }
}
